// !$*UTF8*$!
{
	archiveVersion = 1;
	classes = {
	};
	objectVersion = 56;
	objects = {

/* Begin PBXBuildFile section */
		EA0130F62BEA0BB7007B14C0 /* AppDelegate.swift in Sources */ = {isa = PBXBuildFile; fileRef = EA0130F52BEA0BB7007B14C0 /* AppDelegate.swift */; };
		EA0130F82BEA0BB7007B14C0 /* SceneDelegate.swift in Sources */ = {isa = PBXBuildFile; fileRef = EA0130F72BEA0BB7007B14C0 /* SceneDelegate.swift */; };
		EA0130FA2BEA0BB7007B14C0 /* HomeViewController.swift in Sources */ = {isa = PBXBuildFile; fileRef = EA0130F92BEA0BB7007B14C0 /* HomeViewController.swift */; };
		EA0130FD2BEA0BB7007B14C0 /* Base in Resources */ = {isa = PBXBuildFile; fileRef = EA0130FC2BEA0BB7007B14C0 /* Base */; };
		EA0130FF2BEA0BB8007B14C0 /* Assets.xcassets in Resources */ = {isa = PBXBuildFile; fileRef = EA0130FE2BEA0BB8007B14C0 /* Assets.xcassets */; };
		EA0131022BEA0BB8007B14C0 /* Base in Resources */ = {isa = PBXBuildFile; fileRef = EA0131012BEA0BB8007B14C0 /* Base */; };
		EA0131112BEA7A40007B14C0 /* BalanceTableViewCell.swift in Sources */ = {isa = PBXBuildFile; fileRef = EA01310F2BEA7A40007B14C0 /* BalanceTableViewCell.swift */; };
		EA0131122BEA7A40007B14C0 /* BalanceTableViewCell.xib in Resources */ = {isa = PBXBuildFile; fileRef = EA0131102BEA7A40007B14C0 /* BalanceTableViewCell.xib */; };
		EA0131152BEA7AB1007B14C0 /* MyFavoriteTableViewCell.swift in Sources */ = {isa = PBXBuildFile; fileRef = EA0131132BEA7AB1007B14C0 /* MyFavoriteTableViewCell.swift */; };
		EA0131162BEA7AB1007B14C0 /* MyFavoriteTableViewCell.xib in Resources */ = {isa = PBXBuildFile; fileRef = EA0131142BEA7AB1007B14C0 /* MyFavoriteTableViewCell.xib */; };
		EA0131192BEA7AEC007B14C0 /* AdTableViewCell.swift in Sources */ = {isa = PBXBuildFile; fileRef = EA0131172BEA7AEC007B14C0 /* AdTableViewCell.swift */; };
		EA01311A2BEA7AEC007B14C0 /* AdTableViewCell.xib in Resources */ = {isa = PBXBuildFile; fileRef = EA0131182BEA7AEC007B14C0 /* AdTableViewCell.xib */; };
		EA01311C2BEA7E22007B14C0 /* VerticalButton.swift in Sources */ = {isa = PBXBuildFile; fileRef = EA01311B2BEA7E22007B14C0 /* VerticalButton.swift */; };
		EA01311F2BEA82FC007B14C0 /* TopTableViewCell.swift in Sources */ = {isa = PBXBuildFile; fileRef = EA01311D2BEA82FC007B14C0 /* TopTableViewCell.swift */; };
		EA0131202BEA82FC007B14C0 /* TopTableViewCell.xib in Resources */ = {isa = PBXBuildFile; fileRef = EA01311E2BEA82FC007B14C0 /* TopTableViewCell.xib */; };
		EAE15CD32BEB1B5200BA9F55 /* ListNotificationsViewController.swift in Sources */ = {isa = PBXBuildFile; fileRef = EAE15CD12BEB1B5200BA9F55 /* ListNotificationsViewController.swift */; };
		EAE15CD42BEB1B5200BA9F55 /* ListNotificationsViewController.xib in Resources */ = {isa = PBXBuildFile; fileRef = EAE15CD22BEB1B5200BA9F55 /* ListNotificationsViewController.xib */; };
		EAE15CD82BEB1F0900BA9F55 /* NotificationTableViewCell.swift in Sources */ = {isa = PBXBuildFile; fileRef = EAE15CD62BEB1F0900BA9F55 /* NotificationTableViewCell.swift */; };
		EAE15CD92BEB1F0900BA9F55 /* NotificationTableViewCell.xib in Resources */ = {isa = PBXBuildFile; fileRef = EAE15CD72BEB1F0900BA9F55 /* NotificationTableViewCell.xib */; };
		EAE15CDB2BEB1F7400BA9F55 /* UIView-Extension.swift in Sources */ = {isa = PBXBuildFile; fileRef = EAE15CDA2BEB1F7400BA9F55 /* UIView-Extension.swift */; };
		EAE15CDF2BEB279400BA9F55 /* HomeViewModel.swift in Sources */ = {isa = PBXBuildFile; fileRef = EAE15CDE2BEB279400BA9F55 /* HomeViewModel.swift */; };
		EAE15CE72BEB2BC500BA9F55 /* Notification.swift in Sources */ = {isa = PBXBuildFile; fileRef = EAE15CE62BEB2BC500BA9F55 /* Notification.swift */; };
		EAE15CE92BEB2F5B00BA9F55 /* Saving.swift in Sources */ = {isa = PBXBuildFile; fileRef = EAE15CE82BEB2F5B00BA9F55 /* Saving.swift */; };
		EAE15CEB2BEB308100BA9F55 /* FixedDeposited.swift in Sources */ = {isa = PBXBuildFile; fileRef = EAE15CEA2BEB308100BA9F55 /* FixedDeposited.swift */; };
		EAE15CED2BEB312C00BA9F55 /* Digital.swift in Sources */ = {isa = PBXBuildFile; fileRef = EAE15CEC2BEB312C00BA9F55 /* Digital.swift */; };
		EAE15CF02BEB325100BA9F55 /* AdBanner.swift in Sources */ = {isa = PBXBuildFile; fileRef = EAE15CEF2BEB325100BA9F55 /* AdBanner.swift */; };
		EAE15CF62BEB37D700BA9F55 /* AdImageCollectionViewCell.swift in Sources */ = {isa = PBXBuildFile; fileRef = EAE15CF42BEB37D700BA9F55 /* AdImageCollectionViewCell.swift */; };
		EAE15CF72BEB37D700BA9F55 /* AdImageCollectionViewCell.xib in Resources */ = {isa = PBXBuildFile; fileRef = EAE15CF52BEB37D700BA9F55 /* AdImageCollectionViewCell.xib */; };
		EAE15CF92BEBC2CC00BA9F55 /* NotificationViewModel.swift in Sources */ = {isa = PBXBuildFile; fileRef = EAE15CF82BEBC2CC00BA9F55 /* NotificationViewModel.swift */; };
		EAE15CFB2BEBC69700BA9F55 /* UIImageView-Extension.swift in Sources */ = {isa = PBXBuildFile; fileRef = EAE15CFA2BEBC69700BA9F55 /* UIImageView-Extension.swift */; };
		EAE15CFE2BEBCE1A00BA9F55 /* API.swift in Sources */ = {isa = PBXBuildFile; fileRef = EAE15CFD2BEBCE1A00BA9F55 /* API.swift */; };
		EAE15D002BEBCE5700BA9F55 /* APIError.swift in Sources */ = {isa = PBXBuildFile; fileRef = EAE15CFF2BEBCE5700BA9F55 /* APIError.swift */; };
/* End PBXBuildFile section */

/* Begin PBXFileReference section */
		EA0130F22BEA0BB7007B14C0 /* IOS Homework_Ho Nguyen Anh Kha.app */ = {isa = PBXFileReference; explicitFileType = wrapper.application; includeInIndex = 0; path = "IOS Homework_Ho Nguyen Anh Kha.app"; sourceTree = BUILT_PRODUCTS_DIR; };
		EA0130F52BEA0BB7007B14C0 /* AppDelegate.swift */ = {isa = PBXFileReference; lastKnownFileType = sourcecode.swift; path = AppDelegate.swift; sourceTree = "<group>"; };
		EA0130F72BEA0BB7007B14C0 /* SceneDelegate.swift */ = {isa = PBXFileReference; lastKnownFileType = sourcecode.swift; path = SceneDelegate.swift; sourceTree = "<group>"; };
		EA0130F92BEA0BB7007B14C0 /* HomeViewController.swift */ = {isa = PBXFileReference; lastKnownFileType = sourcecode.swift; path = HomeViewController.swift; sourceTree = "<group>"; };
		EA0130FC2BEA0BB7007B14C0 /* Base */ = {isa = PBXFileReference; lastKnownFileType = file.storyboard; name = Base; path = Base.lproj/Main.storyboard; sourceTree = "<group>"; };
		EA0130FE2BEA0BB8007B14C0 /* Assets.xcassets */ = {isa = PBXFileReference; lastKnownFileType = folder.assetcatalog; path = Assets.xcassets; sourceTree = "<group>"; };
		EA0131012BEA0BB8007B14C0 /* Base */ = {isa = PBXFileReference; lastKnownFileType = file.storyboard; name = Base; path = Base.lproj/LaunchScreen.storyboard; sourceTree = "<group>"; };
		EA0131032BEA0BB8007B14C0 /* Info.plist */ = {isa = PBXFileReference; lastKnownFileType = text.plist.xml; path = Info.plist; sourceTree = "<group>"; };
		EA01310F2BEA7A40007B14C0 /* BalanceTableViewCell.swift */ = {isa = PBXFileReference; lastKnownFileType = sourcecode.swift; path = BalanceTableViewCell.swift; sourceTree = "<group>"; };
		EA0131102BEA7A40007B14C0 /* BalanceTableViewCell.xib */ = {isa = PBXFileReference; lastKnownFileType = file.xib; path = BalanceTableViewCell.xib; sourceTree = "<group>"; };
		EA0131132BEA7AB1007B14C0 /* MyFavoriteTableViewCell.swift */ = {isa = PBXFileReference; lastKnownFileType = sourcecode.swift; path = MyFavoriteTableViewCell.swift; sourceTree = "<group>"; };
		EA0131142BEA7AB1007B14C0 /* MyFavoriteTableViewCell.xib */ = {isa = PBXFileReference; lastKnownFileType = file.xib; path = MyFavoriteTableViewCell.xib; sourceTree = "<group>"; };
		EA0131172BEA7AEC007B14C0 /* AdTableViewCell.swift */ = {isa = PBXFileReference; lastKnownFileType = sourcecode.swift; path = AdTableViewCell.swift; sourceTree = "<group>"; };
		EA0131182BEA7AEC007B14C0 /* AdTableViewCell.xib */ = {isa = PBXFileReference; lastKnownFileType = file.xib; path = AdTableViewCell.xib; sourceTree = "<group>"; };
		EA01311B2BEA7E22007B14C0 /* VerticalButton.swift */ = {isa = PBXFileReference; lastKnownFileType = sourcecode.swift; path = VerticalButton.swift; sourceTree = "<group>"; };
		EA01311D2BEA82FC007B14C0 /* TopTableViewCell.swift */ = {isa = PBXFileReference; lastKnownFileType = sourcecode.swift; path = TopTableViewCell.swift; sourceTree = "<group>"; };
		EA01311E2BEA82FC007B14C0 /* TopTableViewCell.xib */ = {isa = PBXFileReference; lastKnownFileType = file.xib; path = TopTableViewCell.xib; sourceTree = "<group>"; };
		EAE15CD12BEB1B5200BA9F55 /* ListNotificationsViewController.swift */ = {isa = PBXFileReference; lastKnownFileType = sourcecode.swift; path = ListNotificationsViewController.swift; sourceTree = "<group>"; };
		EAE15CD22BEB1B5200BA9F55 /* ListNotificationsViewController.xib */ = {isa = PBXFileReference; lastKnownFileType = file.xib; path = ListNotificationsViewController.xib; sourceTree = "<group>"; };
		EAE15CD62BEB1F0900BA9F55 /* NotificationTableViewCell.swift */ = {isa = PBXFileReference; lastKnownFileType = sourcecode.swift; path = NotificationTableViewCell.swift; sourceTree = "<group>"; };
		EAE15CD72BEB1F0900BA9F55 /* NotificationTableViewCell.xib */ = {isa = PBXFileReference; lastKnownFileType = file.xib; path = NotificationTableViewCell.xib; sourceTree = "<group>"; };
		EAE15CDA2BEB1F7400BA9F55 /* UIView-Extension.swift */ = {isa = PBXFileReference; lastKnownFileType = sourcecode.swift; path = "UIView-Extension.swift"; sourceTree = "<group>"; };
		EAE15CDE2BEB279400BA9F55 /* HomeViewModel.swift */ = {isa = PBXFileReference; lastKnownFileType = sourcecode.swift; path = HomeViewModel.swift; sourceTree = "<group>"; };
		EAE15CE62BEB2BC500BA9F55 /* Notification.swift */ = {isa = PBXFileReference; lastKnownFileType = sourcecode.swift; path = Notification.swift; sourceTree = "<group>"; };
		EAE15CE82BEB2F5B00BA9F55 /* Saving.swift */ = {isa = PBXFileReference; lastKnownFileType = sourcecode.swift; path = Saving.swift; sourceTree = "<group>"; };
		EAE15CEA2BEB308100BA9F55 /* FixedDeposited.swift */ = {isa = PBXFileReference; lastKnownFileType = sourcecode.swift; path = FixedDeposited.swift; sourceTree = "<group>"; };
		EAE15CEC2BEB312C00BA9F55 /* Digital.swift */ = {isa = PBXFileReference; lastKnownFileType = sourcecode.swift; path = Digital.swift; sourceTree = "<group>"; };
		EAE15CEF2BEB325100BA9F55 /* AdBanner.swift */ = {isa = PBXFileReference; lastKnownFileType = sourcecode.swift; path = AdBanner.swift; sourceTree = "<group>"; };
		EAE15CF42BEB37D700BA9F55 /* AdImageCollectionViewCell.swift */ = {isa = PBXFileReference; lastKnownFileType = sourcecode.swift; path = AdImageCollectionViewCell.swift; sourceTree = "<group>"; };
		EAE15CF52BEB37D700BA9F55 /* AdImageCollectionViewCell.xib */ = {isa = PBXFileReference; lastKnownFileType = file.xib; path = AdImageCollectionViewCell.xib; sourceTree = "<group>"; };
		EAE15CF82BEBC2CC00BA9F55 /* NotificationViewModel.swift */ = {isa = PBXFileReference; lastKnownFileType = sourcecode.swift; path = NotificationViewModel.swift; sourceTree = "<group>"; };
		EAE15CFA2BEBC69700BA9F55 /* UIImageView-Extension.swift */ = {isa = PBXFileReference; lastKnownFileType = sourcecode.swift; path = "UIImageView-Extension.swift"; sourceTree = "<group>"; };
		EAE15CFD2BEBCE1A00BA9F55 /* API.swift */ = {isa = PBXFileReference; lastKnownFileType = sourcecode.swift; path = API.swift; sourceTree = "<group>"; };
		EAE15CFF2BEBCE5700BA9F55 /* APIError.swift */ = {isa = PBXFileReference; lastKnownFileType = sourcecode.swift; path = APIError.swift; sourceTree = "<group>"; };
/* End PBXFileReference section */

/* Begin PBXFrameworksBuildPhase section */
		EA0130EF2BEA0BB7007B14C0 /* Frameworks */ = {
			isa = PBXFrameworksBuildPhase;
			buildActionMask = 2147483647;
			files = (
			);
			runOnlyForDeploymentPostprocessing = 0;
		};
/* End PBXFrameworksBuildPhase section */

/* Begin PBXGroup section */
		EA0130E92BEA0BB7007B14C0 = {
			isa = PBXGroup;
			children = (
				EA0130F42BEA0BB7007B14C0 /* IOS Homework_Ho Nguyen Anh Kha */,
				EA0130F32BEA0BB7007B14C0 /* Products */,
			);
			sourceTree = "<group>";
		};
		EA0130F32BEA0BB7007B14C0 /* Products */ = {
			isa = PBXGroup;
			children = (
				EA0130F22BEA0BB7007B14C0 /* IOS Homework_Ho Nguyen Anh Kha.app */,
			);
			name = Products;
			sourceTree = "<group>";
		};
		EA0130F42BEA0BB7007B14C0 /* IOS Homework_Ho Nguyen Anh Kha */ = {
			isa = PBXGroup;
			children = (
				EAE15CFC2BEBCE0900BA9F55 /* API */,
				EA0130F52BEA0BB7007B14C0 /* AppDelegate.swift */,
				EA0130F72BEA0BB7007B14C0 /* SceneDelegate.swift */,
				EAE15CE52BEB2B9F00BA9F55 /* Model */,
				EA01310E2BEA7A24007B14C0 /* Cell */,
				EAE15CCF2BEB1AF500BA9F55 /* Helper */,
				EAE15CDC2BEB276900BA9F55 /* ViewController */,
				EA0130FB2BEA0BB7007B14C0 /* Main.storyboard */,
				EA0130FE2BEA0BB8007B14C0 /* Assets.xcassets */,
				EA0131002BEA0BB8007B14C0 /* LaunchScreen.storyboard */,
				EA0131032BEA0BB8007B14C0 /* Info.plist */,
			);
			path = "IOS Homework_Ho Nguyen Anh Kha";
			sourceTree = "<group>";
		};
		EA01310E2BEA7A24007B14C0 /* Cell */ = {
			isa = PBXGroup;
			children = (
				EA01311D2BEA82FC007B14C0 /* TopTableViewCell.swift */,
				EA01311E2BEA82FC007B14C0 /* TopTableViewCell.xib */,
				EA01310F2BEA7A40007B14C0 /* BalanceTableViewCell.swift */,
				EA0131102BEA7A40007B14C0 /* BalanceTableViewCell.xib */,
				EA0131132BEA7AB1007B14C0 /* MyFavoriteTableViewCell.swift */,
				EA0131142BEA7AB1007B14C0 /* MyFavoriteTableViewCell.xib */,
				EA0131172BEA7AEC007B14C0 /* AdTableViewCell.swift */,
				EA0131182BEA7AEC007B14C0 /* AdTableViewCell.xib */,
				EAE15CF42BEB37D700BA9F55 /* AdImageCollectionViewCell.swift */,
				EAE15CF52BEB37D700BA9F55 /* AdImageCollectionViewCell.xib */,
			);
			path = Cell;
			sourceTree = "<group>";
		};
		EAE15CCF2BEB1AF500BA9F55 /* Helper */ = {
			isa = PBXGroup;
			children = (
				EA01311B2BEA7E22007B14C0 /* VerticalButton.swift */,
				EAE15CDA2BEB1F7400BA9F55 /* UIView-Extension.swift */,
				EAE15CFA2BEBC69700BA9F55 /* UIImageView-Extension.swift */,
			);
			path = Helper;
			sourceTree = "<group>";
		};
		EAE15CD02BEB1B1C00BA9F55 /* Notification */ = {
			isa = PBXGroup;
			children = (
				EAE15CD52BEB1EED00BA9F55 /* NotiCell */,
				EAE15CF82BEBC2CC00BA9F55 /* NotificationViewModel.swift */,
				EAE15CD12BEB1B5200BA9F55 /* ListNotificationsViewController.swift */,
				EAE15CD22BEB1B5200BA9F55 /* ListNotificationsViewController.xib */,
			);
			path = Notification;
			sourceTree = "<group>";
		};
		EAE15CD52BEB1EED00BA9F55 /* NotiCell */ = {
			isa = PBXGroup;
			children = (
				EAE15CD62BEB1F0900BA9F55 /* NotificationTableViewCell.swift */,
				EAE15CD72BEB1F0900BA9F55 /* NotificationTableViewCell.xib */,
			);
			path = NotiCell;
			sourceTree = "<group>";
		};
		EAE15CDC2BEB276900BA9F55 /* ViewController */ = {
			isa = PBXGroup;
			children = (
				EAE15CDD2BEB277E00BA9F55 /* Home */,
				EAE15CD02BEB1B1C00BA9F55 /* Notification */,
			);
			path = ViewController;
			sourceTree = "<group>";
		};
		EAE15CDD2BEB277E00BA9F55 /* Home */ = {
			isa = PBXGroup;
			children = (
				EAE15CDE2BEB279400BA9F55 /* HomeViewModel.swift */,
				EA0130F92BEA0BB7007B14C0 /* HomeViewController.swift */,
			);
			path = Home;
			sourceTree = "<group>";
		};
		EAE15CE52BEB2B9F00BA9F55 /* Model */ = {
			isa = PBXGroup;
			children = (
				EAE15CEE2BEB31E100BA9F55 /* Amount */,
				EAE15CE62BEB2BC500BA9F55 /* Notification.swift */,
				EAE15CEF2BEB325100BA9F55 /* AdBanner.swift */,
			);
			path = Model;
			sourceTree = "<group>";
		};
		EAE15CEE2BEB31E100BA9F55 /* Amount */ = {
			isa = PBXGroup;
			children = (
				EAE15CE82BEB2F5B00BA9F55 /* Saving.swift */,
				EAE15CEA2BEB308100BA9F55 /* FixedDeposited.swift */,
				EAE15CEC2BEB312C00BA9F55 /* Digital.swift */,
			);
			path = Amount;
			sourceTree = "<group>";
		};
		EAE15CFC2BEBCE0900BA9F55 /* API */ = {
			isa = PBXGroup;
			children = (
				EAE15CFD2BEBCE1A00BA9F55 /* API.swift */,
				EAE15CFF2BEBCE5700BA9F55 /* APIError.swift */,
			);
			path = API;
			sourceTree = "<group>";
		};
/* End PBXGroup section */

/* Begin PBXNativeTarget section */
		EA0130F12BEA0BB7007B14C0 /* IOS Homework_Ho Nguyen Anh Kha */ = {
			isa = PBXNativeTarget;
			buildConfigurationList = EA0131062BEA0BB8007B14C0 /* Build configuration list for PBXNativeTarget "IOS Homework_Ho Nguyen Anh Kha" */;
			buildPhases = (
				EA0130EE2BEA0BB7007B14C0 /* Sources */,
				EA0130EF2BEA0BB7007B14C0 /* Frameworks */,
				EA0130F02BEA0BB7007B14C0 /* Resources */,
			);
			buildRules = (
			);
			dependencies = (
			);
			name = "IOS Homework_Ho Nguyen Anh Kha";
			packageProductDependencies = (
			);
			productName = "IOS Homework_Ho Nguyen Anh Kha";
			productReference = EA0130F22BEA0BB7007B14C0 /* IOS Homework_Ho Nguyen Anh Kha.app */;
			productType = "com.apple.product-type.application";
		};
/* End PBXNativeTarget section */

/* Begin PBXProject section */
		EA0130EA2BEA0BB7007B14C0 /* Project object */ = {
			isa = PBXProject;
			attributes = {
				BuildIndependentTargetsInParallel = 1;
				LastSwiftUpdateCheck = 1530;
				LastUpgradeCheck = 1530;
				TargetAttributes = {
					EA0130F12BEA0BB7007B14C0 = {
						CreatedOnToolsVersion = 15.3;
					};
				};
			};
			buildConfigurationList = EA0130ED2BEA0BB7007B14C0 /* Build configuration list for PBXProject "IOS Homework_Ho Nguyen Anh Kha" */;
			compatibilityVersion = "Xcode 14.0";
			developmentRegion = en;
			hasScannedForEncodings = 0;
			knownRegions = (
				en,
				Base,
			);
			mainGroup = EA0130E92BEA0BB7007B14C0;
			packageReferences = (
			);
			productRefGroup = EA0130F32BEA0BB7007B14C0 /* Products */;
			projectDirPath = "";
			projectRoot = "";
			targets = (
				EA0130F12BEA0BB7007B14C0 /* IOS Homework_Ho Nguyen Anh Kha */,
			);
		};
/* End PBXProject section */

/* Begin PBXResourcesBuildPhase section */
		EA0130F02BEA0BB7007B14C0 /* Resources */ = {
			isa = PBXResourcesBuildPhase;
			buildActionMask = 2147483647;
			files = (
				EA0131202BEA82FC007B14C0 /* TopTableViewCell.xib in Resources */,
				EAE15CD42BEB1B5200BA9F55 /* ListNotificationsViewController.xib in Resources */,
				EA0131162BEA7AB1007B14C0 /* MyFavoriteTableViewCell.xib in Resources */,
				EA0130FF2BEA0BB8007B14C0 /* Assets.xcassets in Resources */,
				EA01311A2BEA7AEC007B14C0 /* AdTableViewCell.xib in Resources */,
				EAE15CF72BEB37D700BA9F55 /* AdImageCollectionViewCell.xib in Resources */,
				EA0131022BEA0BB8007B14C0 /* Base in Resources */,
				EA0131122BEA7A40007B14C0 /* BalanceTableViewCell.xib in Resources */,
				EA0130FD2BEA0BB7007B14C0 /* Base in Resources */,
				EAE15CD92BEB1F0900BA9F55 /* NotificationTableViewCell.xib in Resources */,
			);
			runOnlyForDeploymentPostprocessing = 0;
		};
/* End PBXResourcesBuildPhase section */

/* Begin PBXSourcesBuildPhase section */
		EA0130EE2BEA0BB7007B14C0 /* Sources */ = {
			isa = PBXSourcesBuildPhase;
			buildActionMask = 2147483647;
			files = (
				EAE15CD32BEB1B5200BA9F55 /* ListNotificationsViewController.swift in Sources */,
				EAE15CDB2BEB1F7400BA9F55 /* UIView-Extension.swift in Sources */,
				EA0131192BEA7AEC007B14C0 /* AdTableViewCell.swift in Sources */,
				EA0131152BEA7AB1007B14C0 /* MyFavoriteTableViewCell.swift in Sources */,
				EA01311C2BEA7E22007B14C0 /* VerticalButton.swift in Sources */,
				EAE15CF62BEB37D700BA9F55 /* AdImageCollectionViewCell.swift in Sources */,
				EAE15CF02BEB325100BA9F55 /* AdBanner.swift in Sources */,
				EA0130FA2BEA0BB7007B14C0 /* HomeViewController.swift in Sources */,
				EAE15CFB2BEBC69700BA9F55 /* UIImageView-Extension.swift in Sources */,
				EAE15CED2BEB312C00BA9F55 /* Digital.swift in Sources */,
				EA0131112BEA7A40007B14C0 /* BalanceTableViewCell.swift in Sources */,
				EAE15CE72BEB2BC500BA9F55 /* Notification.swift in Sources */,
				EAE15CDF2BEB279400BA9F55 /* HomeViewModel.swift in Sources */,
				EAE15CFE2BEBCE1A00BA9F55 /* API.swift in Sources */,
				EAE15CD82BEB1F0900BA9F55 /* NotificationTableViewCell.swift in Sources */,
				EA0130F62BEA0BB7007B14C0 /* AppDelegate.swift in Sources */,
				EAE15CE92BEB2F5B00BA9F55 /* Saving.swift in Sources */,
				EAE15CEB2BEB308100BA9F55 /* FixedDeposited.swift in Sources */,
				EA0130F82BEA0BB7007B14C0 /* SceneDelegate.swift in Sources */,
				EA01311F2BEA82FC007B14C0 /* TopTableViewCell.swift in Sources */,
				EAE15CF92BEBC2CC00BA9F55 /* NotificationViewModel.swift in Sources */,
				EAE15D002BEBCE5700BA9F55 /* APIError.swift in Sources */,
			);
			runOnlyForDeploymentPostprocessing = 0;
		};
/* End PBXSourcesBuildPhase section */

/* Begin PBXVariantGroup section */
		EA0130FB2BEA0BB7007B14C0 /* Main.storyboard */ = {
			isa = PBXVariantGroup;
			children = (
				EA0130FC2BEA0BB7007B14C0 /* Base */,
			);
			name = Main.storyboard;
			sourceTree = "<group>";
		};
		EA0131002BEA0BB8007B14C0 /* LaunchScreen.storyboard */ = {
			isa = PBXVariantGroup;
			children = (
				EA0131012BEA0BB8007B14C0 /* Base */,
			);
			name = LaunchScreen.storyboard;
			sourceTree = "<group>";
		};
/* End PBXVariantGroup section */

/* Begin XCBuildConfiguration section */
		EA0131042BEA0BB8007B14C0 /* Debug */ = {
			isa = XCBuildConfiguration;
			buildSettings = {
				ALWAYS_SEARCH_USER_PATHS = NO;
				ASSETCATALOG_COMPILER_GENERATE_SWIFT_ASSET_SYMBOL_EXTENSIONS = YES;
				CLANG_ANALYZER_NONNULL = YES;
				CLANG_ANALYZER_NUMBER_OBJECT_CONVERSION = YES_AGGRESSIVE;
				CLANG_CXX_LANGUAGE_STANDARD = "gnu++20";
				CLANG_ENABLE_MODULES = YES;
				CLANG_ENABLE_OBJC_ARC = YES;
				CLANG_ENABLE_OBJC_WEAK = YES;
				CLANG_WARN_BLOCK_CAPTURE_AUTORELEASING = YES;
				CLANG_WARN_BOOL_CONVERSION = YES;
				CLANG_WARN_COMMA = YES;
				CLANG_WARN_CONSTANT_CONVERSION = YES;
				CLANG_WARN_DEPRECATED_OBJC_IMPLEMENTATIONS = YES;
				CLANG_WARN_DIRECT_OBJC_ISA_USAGE = YES_ERROR;
				CLANG_WARN_DOCUMENTATION_COMMENTS = YES;
				CLANG_WARN_EMPTY_BODY = YES;
				CLANG_WARN_ENUM_CONVERSION = YES;
				CLANG_WARN_INFINITE_RECURSION = YES;
				CLANG_WARN_INT_CONVERSION = YES;
				CLANG_WARN_NON_LITERAL_NULL_CONVERSION = YES;
				CLANG_WARN_OBJC_IMPLICIT_RETAIN_SELF = YES;
				CLANG_WARN_OBJC_LITERAL_CONVERSION = YES;
				CLANG_WARN_OBJC_ROOT_CLASS = YES_ERROR;
				CLANG_WARN_QUOTED_INCLUDE_IN_FRAMEWORK_HEADER = YES;
				CLANG_WARN_RANGE_LOOP_ANALYSIS = YES;
				CLANG_WARN_STRICT_PROTOTYPES = YES;
				CLANG_WARN_SUSPICIOUS_MOVE = YES;
				CLANG_WARN_UNGUARDED_AVAILABILITY = YES_AGGRESSIVE;
				CLANG_WARN_UNREACHABLE_CODE = YES;
				CLANG_WARN__DUPLICATE_METHOD_MATCH = YES;
				COPY_PHASE_STRIP = NO;
				DEBUG_INFORMATION_FORMAT = dwarf;
				ENABLE_STRICT_OBJC_MSGSEND = YES;
				ENABLE_TESTABILITY = YES;
				ENABLE_USER_SCRIPT_SANDBOXING = YES;
				GCC_C_LANGUAGE_STANDARD = gnu17;
				GCC_DYNAMIC_NO_PIC = NO;
				GCC_NO_COMMON_BLOCKS = YES;
				GCC_OPTIMIZATION_LEVEL = 0;
				GCC_PREPROCESSOR_DEFINITIONS = (
					"DEBUG=1",
					"$(inherited)",
				);
				GCC_WARN_64_TO_32_BIT_CONVERSION = YES;
				GCC_WARN_ABOUT_RETURN_TYPE = YES_ERROR;
				GCC_WARN_UNDECLARED_SELECTOR = YES;
				GCC_WARN_UNINITIALIZED_AUTOS = YES_AGGRESSIVE;
				GCC_WARN_UNUSED_FUNCTION = YES;
				GCC_WARN_UNUSED_VARIABLE = YES;
				IPHONEOS_DEPLOYMENT_TARGET = 17.4;
				LOCALIZATION_PREFERS_STRING_CATALOGS = YES;
				MTL_ENABLE_DEBUG_INFO = INCLUDE_SOURCE;
				MTL_FAST_MATH = YES;
				ONLY_ACTIVE_ARCH = YES;
				SDKROOT = iphoneos;
				SWIFT_ACTIVE_COMPILATION_CONDITIONS = "DEBUG $(inherited)";
				SWIFT_OPTIMIZATION_LEVEL = "-Onone";
			};
			name = Debug;
		};
		EA0131052BEA0BB8007B14C0 /* Release */ = {
			isa = XCBuildConfiguration;
			buildSettings = {
				ALWAYS_SEARCH_USER_PATHS = NO;
				ASSETCATALOG_COMPILER_GENERATE_SWIFT_ASSET_SYMBOL_EXTENSIONS = YES;
				CLANG_ANALYZER_NONNULL = YES;
				CLANG_ANALYZER_NUMBER_OBJECT_CONVERSION = YES_AGGRESSIVE;
				CLANG_CXX_LANGUAGE_STANDARD = "gnu++20";
				CLANG_ENABLE_MODULES = YES;
				CLANG_ENABLE_OBJC_ARC = YES;
				CLANG_ENABLE_OBJC_WEAK = YES;
				CLANG_WARN_BLOCK_CAPTURE_AUTORELEASING = YES;
				CLANG_WARN_BOOL_CONVERSION = YES;
				CLANG_WARN_COMMA = YES;
				CLANG_WARN_CONSTANT_CONVERSION = YES;
				CLANG_WARN_DEPRECATED_OBJC_IMPLEMENTATIONS = YES;
				CLANG_WARN_DIRECT_OBJC_ISA_USAGE = YES_ERROR;
				CLANG_WARN_DOCUMENTATION_COMMENTS = YES;
				CLANG_WARN_EMPTY_BODY = YES;
				CLANG_WARN_ENUM_CONVERSION = YES;
				CLANG_WARN_INFINITE_RECURSION = YES;
				CLANG_WARN_INT_CONVERSION = YES;
				CLANG_WARN_NON_LITERAL_NULL_CONVERSION = YES;
				CLANG_WARN_OBJC_IMPLICIT_RETAIN_SELF = YES;
				CLANG_WARN_OBJC_LITERAL_CONVERSION = YES;
				CLANG_WARN_OBJC_ROOT_CLASS = YES_ERROR;
				CLANG_WARN_QUOTED_INCLUDE_IN_FRAMEWORK_HEADER = YES;
				CLANG_WARN_RANGE_LOOP_ANALYSIS = YES;
				CLANG_WARN_STRICT_PROTOTYPES = YES;
				CLANG_WARN_SUSPICIOUS_MOVE = YES;
				CLANG_WARN_UNGUARDED_AVAILABILITY = YES_AGGRESSIVE;
				CLANG_WARN_UNREACHABLE_CODE = YES;
				CLANG_WARN__DUPLICATE_METHOD_MATCH = YES;
				COPY_PHASE_STRIP = NO;
				DEBUG_INFORMATION_FORMAT = "dwarf-with-dsym";
				ENABLE_NS_ASSERTIONS = NO;
				ENABLE_STRICT_OBJC_MSGSEND = YES;
				ENABLE_USER_SCRIPT_SANDBOXING = YES;
				GCC_C_LANGUAGE_STANDARD = gnu17;
				GCC_NO_COMMON_BLOCKS = YES;
				GCC_WARN_64_TO_32_BIT_CONVERSION = YES;
				GCC_WARN_ABOUT_RETURN_TYPE = YES_ERROR;
				GCC_WARN_UNDECLARED_SELECTOR = YES;
				GCC_WARN_UNINITIALIZED_AUTOS = YES_AGGRESSIVE;
				GCC_WARN_UNUSED_FUNCTION = YES;
				GCC_WARN_UNUSED_VARIABLE = YES;
				IPHONEOS_DEPLOYMENT_TARGET = 17.4;
				LOCALIZATION_PREFERS_STRING_CATALOGS = YES;
				MTL_ENABLE_DEBUG_INFO = NO;
				MTL_FAST_MATH = YES;
				SDKROOT = iphoneos;
				SWIFT_COMPILATION_MODE = wholemodule;
				VALIDATE_PRODUCT = YES;
			};
			name = Release;
		};
		EA0131072BEA0BB8007B14C0 /* Debug */ = {
			isa = XCBuildConfiguration;
			buildSettings = {
				ASSETCATALOG_COMPILER_APPICON_NAME = AppIcon;
				ASSETCATALOG_COMPILER_GLOBAL_ACCENT_COLOR_NAME = AccentColor;
				CODE_SIGN_STYLE = Automatic;
				CURRENT_PROJECT_VERSION = 1;
				GENERATE_INFOPLIST_FILE = YES;
				INFOPLIST_FILE = "IOS Homework_Ho Nguyen Anh Kha/Info.plist";
				INFOPLIST_KEY_UIApplicationSupportsIndirectInputEvents = YES;
				INFOPLIST_KEY_UILaunchStoryboardName = LaunchScreen;
				INFOPLIST_KEY_UIMainStoryboardFile = Main;
				INFOPLIST_KEY_UISupportedInterfaceOrientations = UIInterfaceOrientationPortrait;
				INFOPLIST_KEY_UISupportedInterfaceOrientations_iPad = "UIInterfaceOrientationLandscapeLeft UIInterfaceOrientationLandscapeRight UIInterfaceOrientationPortrait UIInterfaceOrientationPortraitUpsideDown";
				IPHONEOS_DEPLOYMENT_TARGET = 13.0;
				LD_RUNPATH_SEARCH_PATHS = (
					"$(inherited)",
					"@executable_path/Frameworks",
				);
				MARKETING_VERSION = 1.0;
				PRODUCT_BUNDLE_IDENTIFIER = "com.kha.IOS-Homework-Ho-Nguyen-Anh-Kha";
				PRODUCT_NAME = "$(TARGET_NAME)";
				SUPPORTED_PLATFORMS = "iphoneos iphonesimulator";
				SUPPORTS_MACCATALYST = NO;
				SUPPORTS_MAC_DESIGNED_FOR_IPHONE_IPAD = NO;
				SUPPORTS_XR_DESIGNED_FOR_IPHONE_IPAD = NO;
				SWIFT_EMIT_LOC_STRINGS = YES;
				SWIFT_VERSION = 5.0;
				TARGETED_DEVICE_FAMILY = 1;
			};
			name = Debug;
		};
		EA0131082BEA0BB8007B14C0 /* Release */ = {
			isa = XCBuildConfiguration;
			buildSettings = {
				ASSETCATALOG_COMPILER_APPICON_NAME = AppIcon;
				ASSETCATALOG_COMPILER_GLOBAL_ACCENT_COLOR_NAME = AccentColor;
				CODE_SIGN_STYLE = Automatic;
				CURRENT_PROJECT_VERSION = 1;
				GENERATE_INFOPLIST_FILE = YES;
				INFOPLIST_FILE = "IOS Homework_Ho Nguyen Anh Kha/Info.plist";
				INFOPLIST_KEY_UIApplicationSupportsIndirectInputEvents = YES;
				INFOPLIST_KEY_UILaunchStoryboardName = LaunchScreen;
				INFOPLIST_KEY_UIMainStoryboardFile = Main;
				INFOPLIST_KEY_UISupportedInterfaceOrientations = UIInterfaceOrientationPortrait;
				INFOPLIST_KEY_UISupportedInterfaceOrientations_iPad = "UIInterfaceOrientationLandscapeLeft UIInterfaceOrientationLandscapeRight UIInterfaceOrientationPortrait UIInterfaceOrientationPortraitUpsideDown";
				IPHONEOS_DEPLOYMENT_TARGET = 13.0;
				LD_RUNPATH_SEARCH_PATHS = (
					"$(inherited)",
					"@executable_path/Frameworks",
				);
				MARKETING_VERSION = 1.0;
				PRODUCT_BUNDLE_IDENTIFIER = "com.kha.IOS-Homework-Ho-Nguyen-Anh-Kha";
				PRODUCT_NAME = "$(TARGET_NAME)";
				SUPPORTED_PLATFORMS = "iphoneos iphonesimulator";
				SUPPORTS_MACCATALYST = NO;
				SUPPORTS_MAC_DESIGNED_FOR_IPHONE_IPAD = NO;
				SUPPORTS_XR_DESIGNED_FOR_IPHONE_IPAD = NO;
				SWIFT_EMIT_LOC_STRINGS = YES;
				SWIFT_VERSION = 5.0;
				TARGETED_DEVICE_FAMILY = 1;
			};
			name = Release;
		};
/* End XCBuildConfiguration section */

/* Begin XCConfigurationList section */
		EA0130ED2BEA0BB7007B14C0 /* Build configuration list for PBXProject "IOS Homework_Ho Nguyen Anh Kha" */ = {
			isa = XCConfigurationList;
			buildConfigurations = (
				EA0131042BEA0BB8007B14C0 /* Debug */,
				EA0131052BEA0BB8007B14C0 /* Release */,
			);
			defaultConfigurationIsVisible = 0;
			defaultConfigurationName = Release;
		};
		EA0131062BEA0BB8007B14C0 /* Build configuration list for PBXNativeTarget "IOS Homework_Ho Nguyen Anh Kha" */ = {
			isa = XCConfigurationList;
			buildConfigurations = (
				EA0131072BEA0BB8007B14C0 /* Debug */,
				EA0131082BEA0BB8007B14C0 /* Release */,
			);
			defaultConfigurationIsVisible = 0;
			defaultConfigurationName = Release;
		};
/* End XCConfigurationList section */
	};
	rootObject = EA0130EA2BEA0BB7007B14C0 /* Project object */;
}
